
Microsoft Visual Studio Solution File, Format Version 12.00
# Visual Studio 15
Project("{FAE04EC0-301F-11D3-BF4B-00C04F79EFBC}") = "Assembly-CSharp", "Assembly-CSharp.csproj", "{FEDA7955-A4F2-649E-604E-36EABFEC8047}"
EndProject
Global
	GlobalSection(SolutionConfigurationPlatforms) = preSolution
		Debug|Any CPU = Debug|Any CPU
		Release|Any CPU = Release|Any CPU
	EndGlobalSection
	GlobalSection(ProjectConfigurationPlatforms) = postSolution
		{FEDA7955-A4F2-649E-604E-36EABFEC8047}.Debug|Any CPU.ActiveCfg = Debug|Any CPU
		{FEDA7955-A4F2-649E-604E-36EABFEC8047}.Debug|Any CPU.Build.0 = Debug|Any CPU
		{FEDA7955-A4F2-649E-604E-36EABFEC8047}.Release|Any CPU.ActiveCfg = Release|Any CPU
		{FEDA7955-A4F2-649E-604E-36EABFEC8047}.Release|Any CPU.Build.0 = Release|Any CPU
	EndGlobalSection
	GlobalSection(SolutionProperties) = preSolution
		HideSolutionNode = FALSE
	EndGlobalSection
EndGlobal
